
Microsoft Visual Studio Solution File, Format Version 12.00
# Visual Studio Version 16
VisualStudioVersion = 16.0.31729.503
MinimumVisualStudioVersion = 10.0.40219.1
Project("{8BC9CEB8-8B4A-11D0-8D11-00A0C91BC942}") = "zadatak7", "zadatak7.vcxproj", "{5B518E38-D781-4B2C-8588-318DFB62A330}"
EndProject
Global
	GlobalSection(SolutionConfigurationPlatforms) = preSolution
		Debug|x64 = Debug|x64
		Debug|x86 = Debug|x86
		Release|x64 = Release|x64
		Release|x86 = Release|x86
	EndGlobalSection
	GlobalSection(ProjectConfigurationPlatforms) = postSolution
		{5B518E38-D781-4B2C-8588-318DFB62A330}.Debug|x64.ActiveCfg = Debug|x64
		{5B518E38-D781-4B2C-8588-318DFB62A330}.Debug|x64.Build.0 = Debug|x64
		{5B518E38-D781-4B2C-8588-318DFB62A330}.Debug|x86.ActiveCfg = Debug|Win32
		{5B518E38-D781-4B2C-8588-318DFB62A330}.Debug|x86.Build.0 = Debug|Win32
		{5B518E38-D781-4B2C-8588-318DFB62A330}.Release|x64.ActiveCfg = Release|x64
		{5B518E38-D781-4B2C-8588-318DFB62A330}.Release|x64.Build.0 = Release|x64
		{5B518E38-D781-4B2C-8588-318DFB62A330}.Release|x86.ActiveCfg = Release|Win32
		{5B518E38-D781-4B2C-8588-318DFB62A330}.Release|x86.Build.0 = Release|Win32
	EndGlobalSection
	GlobalSection(SolutionProperties) = preSolution
		HideSolutionNode = FALSE
	EndGlobalSection
	GlobalSection(ExtensibilityGlobals) = postSolution
		SolutionGuid = {6089F98E-005F-43FF-B954-0CFB733A0877}
	EndGlobalSection
EndGlobal
